// !$*UTF8*$!
{
	archiveVersion = 1;
	classes = {
	};
	objectVersion = 55;
	objects = {

/* Begin PBXBuildFile section */
		5630B9725B295D37A8793F6D /* Pods_iOS_Gaebalzarang.framework in Frameworks */ = {isa = PBXBuildFile; fileRef = 941AF86A3854837156196E51 /* Pods_iOS_Gaebalzarang.framework */; };
		D20D2E6328A027DD0001B2D3 /* AppDelegate.swift in Sources */ = {isa = PBXBuildFile; fileRef = D20D2E6228A027DD0001B2D3 /* AppDelegate.swift */; };
		D20D2E6528A027DD0001B2D3 /* SceneDelegate.swift in Sources */ = {isa = PBXBuildFile; fileRef = D20D2E6428A027DD0001B2D3 /* SceneDelegate.swift */; };
		D20D2E6728A027DD0001B2D3 /* ViewController.swift in Sources */ = {isa = PBXBuildFile; fileRef = D20D2E6628A027DD0001B2D3 /* ViewController.swift */; };
		D20D2E6C28A027DD0001B2D3 /* Assets.xcassets in Resources */ = {isa = PBXBuildFile; fileRef = D20D2E6B28A027DD0001B2D3 /* Assets.xcassets */; };
		D20D2E6F28A027DD0001B2D3 /* LaunchScreen.storyboard in Resources */ = {isa = PBXBuildFile; fileRef = D20D2E6D28A027DD0001B2D3 /* LaunchScreen.storyboard */; };
		D20D2E7828A029C40001B2D3 /* .swiftlint.yml in Resources */ = {isa = PBXBuildFile; fileRef = D20D2E7728A029C40001B2D3 /* .swiftlint.yml */; };
		D20D2E8128A0EBBA0001B2D3 /* LoginViewController.swift in Sources */ = {isa = PBXBuildFile; fileRef = D20D2E8028A0EBBA0001B2D3 /* LoginViewController.swift */; };
		D20D2E8328A0F0740001B2D3 /* UIView +.swift in Sources */ = {isa = PBXBuildFile; fileRef = D20D2E8228A0F0740001B2D3 /* UIView +.swift */; };
		D20D2E8528A0F4A70001B2D3 /* UITextField +.swift in Sources */ = {isa = PBXBuildFile; fileRef = D20D2E8428A0F4A70001B2D3 /* UITextField +.swift */; };
		D20D2E8728A0F8FF0001B2D3 /* CustomTextField.swift in Sources */ = {isa = PBXBuildFile; fileRef = D20D2E8628A0F8FF0001B2D3 /* CustomTextField.swift */; };
		D20D2E8928A0FF3C0001B2D3 /* CustomButton.swift in Sources */ = {isa = PBXBuildFile; fileRef = D20D2E8828A0FF3C0001B2D3 /* CustomButton.swift */; };
		D20D2E8B28A102160001B2D3 /* LoginSearchSignView.swift in Sources */ = {isa = PBXBuildFile; fileRef = D20D2E8A28A102160001B2D3 /* LoginSearchSignView.swift */; };
		D20D2E8D28A108260001B2D3 /* StackView +.swift in Sources */ = {isa = PBXBuildFile; fileRef = D20D2E8C28A108260001B2D3 /* StackView +.swift */; };
/* End PBXBuildFile section */

/* Begin PBXFileReference section */
		6D27D27DE034CE84AC5813C1 /* Pods-iOS-Gaebalzarang.release.xcconfig */ = {isa = PBXFileReference; includeInIndex = 1; lastKnownFileType = text.xcconfig; name = "Pods-iOS-Gaebalzarang.release.xcconfig"; path = "Target Support Files/Pods-iOS-Gaebalzarang/Pods-iOS-Gaebalzarang.release.xcconfig"; sourceTree = "<group>"; };
		90BFA412332FBA27DA240888 /* Pods-iOS-Gaebalzarang.debug.xcconfig */ = {isa = PBXFileReference; includeInIndex = 1; lastKnownFileType = text.xcconfig; name = "Pods-iOS-Gaebalzarang.debug.xcconfig"; path = "Target Support Files/Pods-iOS-Gaebalzarang/Pods-iOS-Gaebalzarang.debug.xcconfig"; sourceTree = "<group>"; };
		941AF86A3854837156196E51 /* Pods_iOS_Gaebalzarang.framework */ = {isa = PBXFileReference; explicitFileType = wrapper.framework; includeInIndex = 0; path = Pods_iOS_Gaebalzarang.framework; sourceTree = BUILT_PRODUCTS_DIR; };
		D20D2E5F28A027DC0001B2D3 /* iOS-Gaebalzarang.app */ = {isa = PBXFileReference; explicitFileType = wrapper.application; includeInIndex = 0; path = "iOS-Gaebalzarang.app"; sourceTree = BUILT_PRODUCTS_DIR; };
		D20D2E6228A027DD0001B2D3 /* AppDelegate.swift */ = {isa = PBXFileReference; lastKnownFileType = sourcecode.swift; path = AppDelegate.swift; sourceTree = "<group>"; };
		D20D2E6428A027DD0001B2D3 /* SceneDelegate.swift */ = {isa = PBXFileReference; lastKnownFileType = sourcecode.swift; path = SceneDelegate.swift; sourceTree = "<group>"; };
		D20D2E6628A027DD0001B2D3 /* ViewController.swift */ = {isa = PBXFileReference; lastKnownFileType = sourcecode.swift; path = ViewController.swift; sourceTree = "<group>"; };
		D20D2E6B28A027DD0001B2D3 /* Assets.xcassets */ = {isa = PBXFileReference; lastKnownFileType = folder.assetcatalog; path = Assets.xcassets; sourceTree = "<group>"; };
		D20D2E6E28A027DD0001B2D3 /* Base */ = {isa = PBXFileReference; lastKnownFileType = file.storyboard; name = Base; path = Base.lproj/LaunchScreen.storyboard; sourceTree = "<group>"; };
		D20D2E7028A027DD0001B2D3 /* Info.plist */ = {isa = PBXFileReference; lastKnownFileType = text.plist.xml; path = Info.plist; sourceTree = "<group>"; };
		D20D2E7728A029C40001B2D3 /* .swiftlint.yml */ = {isa = PBXFileReference; lastKnownFileType = text.yaml; path = .swiftlint.yml; sourceTree = "<group>"; };
		D20D2E8028A0EBBA0001B2D3 /* LoginViewController.swift */ = {isa = PBXFileReference; lastKnownFileType = sourcecode.swift; path = LoginViewController.swift; sourceTree = "<group>"; };
		D20D2E8228A0F0740001B2D3 /* UIView +.swift */ = {isa = PBXFileReference; lastKnownFileType = sourcecode.swift; path = "UIView +.swift"; sourceTree = "<group>"; };
		D20D2E8428A0F4A70001B2D3 /* UITextField +.swift */ = {isa = PBXFileReference; lastKnownFileType = sourcecode.swift; path = "UITextField +.swift"; sourceTree = "<group>"; };
		D20D2E8628A0F8FF0001B2D3 /* CustomTextField.swift */ = {isa = PBXFileReference; lastKnownFileType = sourcecode.swift; path = CustomTextField.swift; sourceTree = "<group>"; };
		D20D2E8828A0FF3C0001B2D3 /* CustomButton.swift */ = {isa = PBXFileReference; lastKnownFileType = sourcecode.swift; path = CustomButton.swift; sourceTree = "<group>"; };
		D20D2E8A28A102160001B2D3 /* LoginSearchSignView.swift */ = {isa = PBXFileReference; lastKnownFileType = sourcecode.swift; path = LoginSearchSignView.swift; sourceTree = "<group>"; };
		D20D2E8C28A108260001B2D3 /* StackView +.swift */ = {isa = PBXFileReference; lastKnownFileType = sourcecode.swift; path = "StackView +.swift"; sourceTree = "<group>"; };
/* End PBXFileReference section */

/* Begin PBXFrameworksBuildPhase section */
		D20D2E5C28A027DC0001B2D3 /* Frameworks */ = {
			isa = PBXFrameworksBuildPhase;
			buildActionMask = 2147483647;
			files = (
				5630B9725B295D37A8793F6D /* Pods_iOS_Gaebalzarang.framework in Frameworks */,
			);
			runOnlyForDeploymentPostprocessing = 0;
		};
/* End PBXFrameworksBuildPhase section */

/* Begin PBXGroup section */
		424411B0A01095F7FC14F718 /* Frameworks */ = {
			isa = PBXGroup;
			children = (
				941AF86A3854837156196E51 /* Pods_iOS_Gaebalzarang.framework */,
			);
			name = Frameworks;
			sourceTree = "<group>";
		};
		5FF970DA59487B2147EC8221 /* Pods */ = {
			isa = PBXGroup;
			children = (
				90BFA412332FBA27DA240888 /* Pods-iOS-Gaebalzarang.debug.xcconfig */,
				6D27D27DE034CE84AC5813C1 /* Pods-iOS-Gaebalzarang.release.xcconfig */,
			);
			path = Pods;
			sourceTree = "<group>";
		};
		D20D2E5628A027DC0001B2D3 = {
			isa = PBXGroup;
			children = (
				D20D2E7728A029C40001B2D3 /* .swiftlint.yml */,
				D20D2E6128A027DC0001B2D3 /* iOS-Gaebalzarang */,
				D20D2E6028A027DC0001B2D3 /* Products */,
				5FF970DA59487B2147EC8221 /* Pods */,
				424411B0A01095F7FC14F718 /* Frameworks */,
			);
			sourceTree = "<group>";
		};
		D20D2E6028A027DC0001B2D3 /* Products */ = {
			isa = PBXGroup;
			children = (
				D20D2E5F28A027DC0001B2D3 /* iOS-Gaebalzarang.app */,
			);
			name = Products;
			sourceTree = "<group>";
		};
		D20D2E6128A027DC0001B2D3 /* iOS-Gaebalzarang */ = {
			isa = PBXGroup;
			children = (
				D20D2E8228A0F0740001B2D3 /* UIView +.swift */,
				D20D2E8428A0F4A70001B2D3 /* UITextField +.swift */,
				D20D2E8C28A108260001B2D3 /* StackView +.swift */,
				D20D2E6228A027DD0001B2D3 /* AppDelegate.swift */,
				D20D2E6428A027DD0001B2D3 /* SceneDelegate.swift */,
				D20D2E6628A027DD0001B2D3 /* ViewController.swift */,
				D20D2E8028A0EBBA0001B2D3 /* LoginViewController.swift */,
				D20D2E8A28A102160001B2D3 /* LoginSearchSignView.swift */,
				D20D2E8828A0FF3C0001B2D3 /* CustomButton.swift */,
				D20D2E8628A0F8FF0001B2D3 /* CustomTextField.swift */,
				D20D2E6B28A027DD0001B2D3 /* Assets.xcassets */,
				D20D2E6D28A027DD0001B2D3 /* LaunchScreen.storyboard */,
				D20D2E7028A027DD0001B2D3 /* Info.plist */,
			);
			path = "iOS-Gaebalzarang";
			sourceTree = "<group>";
		};
/* End PBXGroup section */

/* Begin PBXNativeTarget section */
		D20D2E5E28A027DC0001B2D3 /* iOS-Gaebalzarang */ = {
			isa = PBXNativeTarget;
			buildConfigurationList = D20D2E7328A027DD0001B2D3 /* Build configuration list for PBXNativeTarget "iOS-Gaebalzarang" */;
			buildPhases = (
				D22AD80970BCB1A23020EB92 /* [CP] Check Pods Manifest.lock */,
				D20D2E5B28A027DC0001B2D3 /* Sources */,
				D20D2E5C28A027DC0001B2D3 /* Frameworks */,
				D20D2E5D28A027DC0001B2D3 /* Resources */,
				7AF097B080AF4B27583CE4FA /* [CP] Embed Pods Frameworks */,
				D20D2E7628A029210001B2D3 /* ShellScript */,
			);
			buildRules = (
			);
			dependencies = (
			);
			name = "iOS-Gaebalzarang";
			productName = "iOS-Gaebalzarang";
			productReference = D20D2E5F28A027DC0001B2D3 /* iOS-Gaebalzarang.app */;
			productType = "com.apple.product-type.application";
		};
/* End PBXNativeTarget section */

/* Begin PBXProject section */
		D20D2E5728A027DC0001B2D3 /* Project object */ = {
			isa = PBXProject;
			attributes = {
				BuildIndependentTargetsInParallel = 1;
				LastSwiftUpdateCheck = 1340;
				LastUpgradeCheck = 1340;
				TargetAttributes = {
					D20D2E5E28A027DC0001B2D3 = {
						CreatedOnToolsVersion = 13.4.1;
					};
				};
			};
			buildConfigurationList = D20D2E5A28A027DC0001B2D3 /* Build configuration list for PBXProject "iOS-Gaebalzarang" */;
			compatibilityVersion = "Xcode 13.0";
			developmentRegion = en;
			hasScannedForEncodings = 0;
			knownRegions = (
				en,
				Base,
			);
			mainGroup = D20D2E5628A027DC0001B2D3;
			productRefGroup = D20D2E6028A027DC0001B2D3 /* Products */;
			projectDirPath = "";
			projectRoot = "";
			targets = (
				D20D2E5E28A027DC0001B2D3 /* iOS-Gaebalzarang */,
			);
		};
/* End PBXProject section */

/* Begin PBXResourcesBuildPhase section */
		D20D2E5D28A027DC0001B2D3 /* Resources */ = {
			isa = PBXResourcesBuildPhase;
			buildActionMask = 2147483647;
			files = (
				D20D2E7828A029C40001B2D3 /* .swiftlint.yml in Resources */,
				D20D2E6F28A027DD0001B2D3 /* LaunchScreen.storyboard in Resources */,
				D20D2E6C28A027DD0001B2D3 /* Assets.xcassets in Resources */,
			);
			runOnlyForDeploymentPostprocessing = 0;
		};
/* End PBXResourcesBuildPhase section */

/* Begin PBXShellScriptBuildPhase section */
		7AF097B080AF4B27583CE4FA /* [CP] Embed Pods Frameworks */ = {
			isa = PBXShellScriptBuildPhase;
			buildActionMask = 2147483647;
			files = (
			);
			inputFileListPaths = (
				"${PODS_ROOT}/Target Support Files/Pods-iOS-Gaebalzarang/Pods-iOS-Gaebalzarang-frameworks-${CONFIGURATION}-input-files.xcfilelist",
			);
			name = "[CP] Embed Pods Frameworks";
			outputFileListPaths = (
				"${PODS_ROOT}/Target Support Files/Pods-iOS-Gaebalzarang/Pods-iOS-Gaebalzarang-frameworks-${CONFIGURATION}-output-files.xcfilelist",
			);
			runOnlyForDeploymentPostprocessing = 0;
			shellPath = /bin/sh;
			shellScript = "\"${PODS_ROOT}/Target Support Files/Pods-iOS-Gaebalzarang/Pods-iOS-Gaebalzarang-frameworks.sh\"\n";
			showEnvVarsInLog = 0;
		};
		D20D2E7628A029210001B2D3 /* ShellScript */ = {
			isa = PBXShellScriptBuildPhase;
			buildActionMask = 2147483647;
			files = (
			);
			inputFileListPaths = (
			);
			inputPaths = (
			);
			outputFileListPaths = (
			);
			outputPaths = (
			);
			runOnlyForDeploymentPostprocessing = 0;
			shellPath = /bin/sh;
			shellScript = "${PODS_ROOT}/SwiftLint/swiftlint autocorrect\n";
		};
		D22AD80970BCB1A23020EB92 /* [CP] Check Pods Manifest.lock */ = {
			isa = PBXShellScriptBuildPhase;
			buildActionMask = 2147483647;
			files = (
			);
			inputFileListPaths = (
			);
			inputPaths = (
				"${PODS_PODFILE_DIR_PATH}/Podfile.lock",
				"${PODS_ROOT}/Manifest.lock",
			);
			name = "[CP] Check Pods Manifest.lock";
			outputFileListPaths = (
			);
			outputPaths = (
				"$(DERIVED_FILE_DIR)/Pods-iOS-Gaebalzarang-checkManifestLockResult.txt",
			);
			runOnlyForDeploymentPostprocessing = 0;
			shellPath = /bin/sh;
			shellScript = "diff \"${PODS_PODFILE_DIR_PATH}/Podfile.lock\" \"${PODS_ROOT}/Manifest.lock\" > /dev/null\nif [ $? != 0 ] ; then\n    # print error to STDERR\n    echo \"error: The sandbox is not in sync with the Podfile.lock. Run 'pod install' or update your CocoaPods installation.\" >&2\n    exit 1\nfi\n# This output is used by Xcode 'outputs' to avoid re-running this script phase.\necho \"SUCCESS\" > \"${SCRIPT_OUTPUT_FILE_0}\"\n";
			showEnvVarsInLog = 0;
		};
/* End PBXShellScriptBuildPhase section */

/* Begin PBXSourcesBuildPhase section */
		D20D2E5B28A027DC0001B2D3 /* Sources */ = {
			isa = PBXSourcesBuildPhase;
			buildActionMask = 2147483647;
			files = (
				D20D2E8728A0F8FF0001B2D3 /* CustomTextField.swift in Sources */,
				D20D2E8128A0EBBA0001B2D3 /* LoginViewController.swift in Sources */,
				D20D2E8D28A108260001B2D3 /* StackView +.swift in Sources */,
				D20D2E6728A027DD0001B2D3 /* ViewController.swift in Sources */,
				D20D2E8528A0F4A70001B2D3 /* UITextField +.swift in Sources */,
				D20D2E8928A0FF3C0001B2D3 /* CustomButton.swift in Sources */,
				D20D2E6328A027DD0001B2D3 /* AppDelegate.swift in Sources */,
				D20D2E8B28A102160001B2D3 /* LoginSearchSignView.swift in Sources */,
				D20D2E6528A027DD0001B2D3 /* SceneDelegate.swift in Sources */,
				D20D2E8328A0F0740001B2D3 /* UIView +.swift in Sources */,
			);
			runOnlyForDeploymentPostprocessing = 0;
		};
/* End PBXSourcesBuildPhase section */

/* Begin PBXVariantGroup section */
		D20D2E6D28A027DD0001B2D3 /* LaunchScreen.storyboard */ = {
			isa = PBXVariantGroup;
			children = (
				D20D2E6E28A027DD0001B2D3 /* Base */,
			);
			name = LaunchScreen.storyboard;
			sourceTree = "<group>";
		};
/* End PBXVariantGroup section */

/* Begin XCBuildConfiguration section */
		D20D2E7128A027DD0001B2D3 /* Debug */ = {
			isa = XCBuildConfiguration;
			buildSettings = {
				ALWAYS_SEARCH_USER_PATHS = NO;
				CLANG_ANALYZER_NONNULL = YES;
				CLANG_ANALYZER_NUMBER_OBJECT_CONVERSION = YES_AGGRESSIVE;
				CLANG_CXX_LANGUAGE_STANDARD = "gnu++17";
				CLANG_ENABLE_MODULES = YES;
				CLANG_ENABLE_OBJC_ARC = YES;
				CLANG_ENABLE_OBJC_WEAK = YES;
				CLANG_WARN_BLOCK_CAPTURE_AUTORELEASING = YES;
				CLANG_WARN_BOOL_CONVERSION = YES;
				CLANG_WARN_COMMA = YES;
				CLANG_WARN_CONSTANT_CONVERSION = YES;
				CLANG_WARN_DEPRECATED_OBJC_IMPLEMENTATIONS = YES;
				CLANG_WARN_DIRECT_OBJC_ISA_USAGE = YES_ERROR;
				CLANG_WARN_DOCUMENTATION_COMMENTS = YES;
				CLANG_WARN_EMPTY_BODY = YES;
				CLANG_WARN_ENUM_CONVERSION = YES;
				CLANG_WARN_INFINITE_RECURSION = YES;
				CLANG_WARN_INT_CONVERSION = YES;
				CLANG_WARN_NON_LITERAL_NULL_CONVERSION = YES;
				CLANG_WARN_OBJC_IMPLICIT_RETAIN_SELF = YES;
				CLANG_WARN_OBJC_LITERAL_CONVERSION = YES;
				CLANG_WARN_OBJC_ROOT_CLASS = YES_ERROR;
				CLANG_WARN_QUOTED_INCLUDE_IN_FRAMEWORK_HEADER = YES;
				CLANG_WARN_RANGE_LOOP_ANALYSIS = YES;
				CLANG_WARN_STRICT_PROTOTYPES = YES;
				CLANG_WARN_SUSPICIOUS_MOVE = YES;
				CLANG_WARN_UNGUARDED_AVAILABILITY = YES_AGGRESSIVE;
				CLANG_WARN_UNREACHABLE_CODE = YES;
				CLANG_WARN__DUPLICATE_METHOD_MATCH = YES;
				COPY_PHASE_STRIP = NO;
				DEBUG_INFORMATION_FORMAT = dwarf;
				ENABLE_STRICT_OBJC_MSGSEND = YES;
				ENABLE_TESTABILITY = YES;
				GCC_C_LANGUAGE_STANDARD = gnu11;
				GCC_DYNAMIC_NO_PIC = NO;
				GCC_NO_COMMON_BLOCKS = YES;
				GCC_OPTIMIZATION_LEVEL = 0;
				GCC_PREPROCESSOR_DEFINITIONS = (
					"DEBUG=1",
					"$(inherited)",
				);
				GCC_WARN_64_TO_32_BIT_CONVERSION = YES;
				GCC_WARN_ABOUT_RETURN_TYPE = YES_ERROR;
				GCC_WARN_UNDECLARED_SELECTOR = YES;
				GCC_WARN_UNINITIALIZED_AUTOS = YES_AGGRESSIVE;
				GCC_WARN_UNUSED_FUNCTION = YES;
				GCC_WARN_UNUSED_VARIABLE = YES;
				IPHONEOS_DEPLOYMENT_TARGET = 15.5;
				MTL_ENABLE_DEBUG_INFO = INCLUDE_SOURCE;
				MTL_FAST_MATH = YES;
				ONLY_ACTIVE_ARCH = YES;
				SDKROOT = iphoneos;
				SWIFT_ACTIVE_COMPILATION_CONDITIONS = DEBUG;
				SWIFT_OPTIMIZATION_LEVEL = "-Onone";
			};
			name = Debug;
		};
		D20D2E7228A027DD0001B2D3 /* Release */ = {
			isa = XCBuildConfiguration;
			buildSettings = {
				ALWAYS_SEARCH_USER_PATHS = NO;
				CLANG_ANALYZER_NONNULL = YES;
				CLANG_ANALYZER_NUMBER_OBJECT_CONVERSION = YES_AGGRESSIVE;
				CLANG_CXX_LANGUAGE_STANDARD = "gnu++17";
				CLANG_ENABLE_MODULES = YES;
				CLANG_ENABLE_OBJC_ARC = YES;
				CLANG_ENABLE_OBJC_WEAK = YES;
				CLANG_WARN_BLOCK_CAPTURE_AUTORELEASING = YES;
				CLANG_WARN_BOOL_CONVERSION = YES;
				CLANG_WARN_COMMA = YES;
				CLANG_WARN_CONSTANT_CONVERSION = YES;
				CLANG_WARN_DEPRECATED_OBJC_IMPLEMENTATIONS = YES;
				CLANG_WARN_DIRECT_OBJC_ISA_USAGE = YES_ERROR;
				CLANG_WARN_DOCUMENTATION_COMMENTS = YES;
				CLANG_WARN_EMPTY_BODY = YES;
				CLANG_WARN_ENUM_CONVERSION = YES;
				CLANG_WARN_INFINITE_RECURSION = YES;
				CLANG_WARN_INT_CONVERSION = YES;
				CLANG_WARN_NON_LITERAL_NULL_CONVERSION = YES;
				CLANG_WARN_OBJC_IMPLICIT_RETAIN_SELF = YES;
				CLANG_WARN_OBJC_LITERAL_CONVERSION = YES;
				CLANG_WARN_OBJC_ROOT_CLASS = YES_ERROR;
				CLANG_WARN_QUOTED_INCLUDE_IN_FRAMEWORK_HEADER = YES;
				CLANG_WARN_RANGE_LOOP_ANALYSIS = YES;
				CLANG_WARN_STRICT_PROTOTYPES = YES;
				CLANG_WARN_SUSPICIOUS_MOVE = YES;
				CLANG_WARN_UNGUARDED_AVAILABILITY = YES_AGGRESSIVE;
				CLANG_WARN_UNREACHABLE_CODE = YES;
				CLANG_WARN__DUPLICATE_METHOD_MATCH = YES;
				COPY_PHASE_STRIP = NO;
				DEBUG_INFORMATION_FORMAT = "dwarf-with-dsym";
				ENABLE_NS_ASSERTIONS = NO;
				ENABLE_STRICT_OBJC_MSGSEND = YES;
				GCC_C_LANGUAGE_STANDARD = gnu11;
				GCC_NO_COMMON_BLOCKS = YES;
				GCC_WARN_64_TO_32_BIT_CONVERSION = YES;
				GCC_WARN_ABOUT_RETURN_TYPE = YES_ERROR;
				GCC_WARN_UNDECLARED_SELECTOR = YES;
				GCC_WARN_UNINITIALIZED_AUTOS = YES_AGGRESSIVE;
				GCC_WARN_UNUSED_FUNCTION = YES;
				GCC_WARN_UNUSED_VARIABLE = YES;
				IPHONEOS_DEPLOYMENT_TARGET = 15.5;
				MTL_ENABLE_DEBUG_INFO = NO;
				MTL_FAST_MATH = YES;
				SDKROOT = iphoneos;
				SWIFT_COMPILATION_MODE = wholemodule;
				SWIFT_OPTIMIZATION_LEVEL = "-O";
				VALIDATE_PRODUCT = YES;
			};
			name = Release;
		};
		D20D2E7428A027DD0001B2D3 /* Debug */ = {
			isa = XCBuildConfiguration;
			baseConfigurationReference = 90BFA412332FBA27DA240888 /* Pods-iOS-Gaebalzarang.debug.xcconfig */;
			buildSettings = {
				ASSETCATALOG_COMPILER_APPICON_NAME = AppIcon;
				ASSETCATALOG_COMPILER_GLOBAL_ACCENT_COLOR_NAME = AccentColor;
				CODE_SIGN_STYLE = Automatic;
				CURRENT_PROJECT_VERSION = 1;
				DEVELOPMENT_TEAM = Q646ABLXY6;
				GENERATE_INFOPLIST_FILE = YES;
				INFOPLIST_FILE = "iOS-Gaebalzarang/Info.plist";
				INFOPLIST_KEY_UIApplicationSupportsIndirectInputEvents = YES;
				INFOPLIST_KEY_UILaunchStoryboardName = LaunchScreen;
				INFOPLIST_KEY_UISupportedInterfaceOrientations_iPad = "UIInterfaceOrientationPortrait UIInterfaceOrientationPortraitUpsideDown UIInterfaceOrientationLandscapeLeft UIInterfaceOrientationLandscapeRight";
				INFOPLIST_KEY_UISupportedInterfaceOrientations_iPhone = "UIInterfaceOrientationPortrait UIInterfaceOrientationLandscapeLeft UIInterfaceOrientationLandscapeRight";
				LD_RUNPATH_SEARCH_PATHS = (
					"$(inherited)",
					"@executable_path/Frameworks",
				);
				MARKETING_VERSION = 1.0;
				PRODUCT_BUNDLE_IDENTIFIER = "com.befamily.juntaek.iOS-Gaebalzarang";
				PRODUCT_NAME = "$(TARGET_NAME)";
				SWIFT_EMIT_LOC_STRINGS = YES;
				SWIFT_VERSION = 5.0;
				TARGETED_DEVICE_FAMILY = "1,2";
			};
			name = Debug;
		};
		D20D2E7528A027DD0001B2D3 /* Release */ = {
			isa = XCBuildConfiguration;
			baseConfigurationReference = 6D27D27DE034CE84AC5813C1 /* Pods-iOS-Gaebalzarang.release.xcconfig */;
			buildSettings = {
				ASSETCATALOG_COMPILER_APPICON_NAME = AppIcon;
				ASSETCATALOG_COMPILER_GLOBAL_ACCENT_COLOR_NAME = AccentColor;
				CODE_SIGN_STYLE = Automatic;
				CURRENT_PROJECT_VERSION = 1;
				DEVELOPMENT_TEAM = Q646ABLXY6;
				GENERATE_INFOPLIST_FILE = YES;
				INFOPLIST_FILE = "iOS-Gaebalzarang/Info.plist";
				INFOPLIST_KEY_UIApplicationSupportsIndirectInputEvents = YES;
				INFOPLIST_KEY_UILaunchStoryboardName = LaunchScreen;
				INFOPLIST_KEY_UISupportedInterfaceOrientations_iPad = "UIInterfaceOrientationPortrait UIInterfaceOrientationPortraitUpsideDown UIInterfaceOrientationLandscapeLeft UIInterfaceOrientationLandscapeRight";
				INFOPLIST_KEY_UISupportedInterfaceOrientations_iPhone = "UIInterfaceOrientationPortrait UIInterfaceOrientationLandscapeLeft UIInterfaceOrientationLandscapeRight";
				LD_RUNPATH_SEARCH_PATHS = (
					"$(inherited)",
					"@executable_path/Frameworks",
				);
				MARKETING_VERSION = 1.0;
				PRODUCT_BUNDLE_IDENTIFIER = "com.befamily.juntaek.iOS-Gaebalzarang";
				PRODUCT_NAME = "$(TARGET_NAME)";
				SWIFT_EMIT_LOC_STRINGS = YES;
				SWIFT_VERSION = 5.0;
				TARGETED_DEVICE_FAMILY = "1,2";
			};
			name = Release;
		};
/* End XCBuildConfiguration section */

/* Begin XCConfigurationList section */
		D20D2E5A28A027DC0001B2D3 /* Build configuration list for PBXProject "iOS-Gaebalzarang" */ = {
			isa = XCConfigurationList;
			buildConfigurations = (
				D20D2E7128A027DD0001B2D3 /* Debug */,
				D20D2E7228A027DD0001B2D3 /* Release */,
			);
			defaultConfigurationIsVisible = 0;
			defaultConfigurationName = Release;
		};
		D20D2E7328A027DD0001B2D3 /* Build configuration list for PBXNativeTarget "iOS-Gaebalzarang" */ = {
			isa = XCConfigurationList;
			buildConfigurations = (
				D20D2E7428A027DD0001B2D3 /* Debug */,
				D20D2E7528A027DD0001B2D3 /* Release */,
			);
			defaultConfigurationIsVisible = 0;
			defaultConfigurationName = Release;
		};
/* End XCConfigurationList section */
	};
	rootObject = D20D2E5728A027DC0001B2D3 /* Project object */;
}
