// !$*UTF8*$!
{
	archiveVersion = 1;
	classes = {
	};
	objectVersion = 55;
	objects = {

/* Begin PBXBuildFile section */
		5630B9725B295D37A8793F6D /* Pods_iOS_Gaebalzarang.framework in Frameworks */ = {isa = PBXBuildFile; fileRef = 941AF86A3854837156196E51 /* Pods_iOS_Gaebalzarang.framework */; };
		B3324D6028B35A6500F7263F /* PortfolioViewController.swift in Sources */ = {isa = PBXBuildFile; fileRef = B3324D5F28B35A6500F7263F /* PortfolioViewController.swift */; };
		B3324D6228B3696D00F7263F /* ScheduleViewController.swift in Sources */ = {isa = PBXBuildFile; fileRef = B3324D6128B3696D00F7263F /* ScheduleViewController.swift */; };
		B3324D6428B372FE00F7263F /* CustomSelectButton.swift in Sources */ = {isa = PBXBuildFile; fileRef = B3324D6328B372FE00F7263F /* CustomSelectButton.swift */; };
		B3324D6628B3AD5D00F7263F /* SkillViewController.swift in Sources */ = {isa = PBXBuildFile; fileRef = B3324D6528B3AD5D00F7263F /* SkillViewController.swift */; };
		B3324D6828B3B6E000F7263F /* SkillCell.swift in Sources */ = {isa = PBXBuildFile; fileRef = B3324D6728B3B6E000F7263F /* SkillCell.swift */; };
		B3324D6C28B3F07100F7263F /* ProfileCompleteViewController.swift in Sources */ = {isa = PBXBuildFile; fileRef = B3324D6B28B3F07100F7263F /* ProfileCompleteViewController.swift */; };
		B361CECF28CF012500F1490A /* CollaboratorHeaderView.swift in Sources */ = {isa = PBXBuildFile; fileRef = B361CEC928CF012400F1490A /* CollaboratorHeaderView.swift */; };
		B361CED028CF012500F1490A /* CollaboratorCell.swift in Sources */ = {isa = PBXBuildFile; fileRef = B361CECA28CF012400F1490A /* CollaboratorCell.swift */; };
		B361CED128CF012500F1490A /* RecommandProjectCell.swift in Sources */ = {isa = PBXBuildFile; fileRef = B361CECB28CF012400F1490A /* RecommandProjectCell.swift */; };
		B361CED228CF012500F1490A /* ProjectHeaderView.swift in Sources */ = {isa = PBXBuildFile; fileRef = B361CECC28CF012400F1490A /* ProjectHeaderView.swift */; };
		B361CED328CF012500F1490A /* MainHeaderCell.swift in Sources */ = {isa = PBXBuildFile; fileRef = B361CECD28CF012500F1490A /* MainHeaderCell.swift */; };
		B361CED428CF012500F1490A /* MainViewController.swift in Sources */ = {isa = PBXBuildFile; fileRef = B361CECE28CF012500F1490A /* MainViewController.swift */; };
		B3A95F9028A0EFCB00B6E48C /* IntroduceViewController.swift in Sources */ = {isa = PBXBuildFile; fileRef = B3A95F8F28A0EFCB00B6E48C /* IntroduceViewController.swift */; };
		B3CE848028A2685800F57038 /* DesignGuide.swift in Sources */ = {isa = PBXBuildFile; fileRef = B3CE847F28A2685800F57038 /* DesignGuide.swift */; };
		B3CE848228A3552D00F57038 /* ProfileLocationViewController.swift in Sources */ = {isa = PBXBuildFile; fileRef = B3CE848128A3552D00F57038 /* ProfileLocationViewController.swift */; };
		B3CE848428A355A400F57038 /* InputTitleView.swift in Sources */ = {isa = PBXBuildFile; fileRef = B3CE848328A355A400F57038 /* InputTitleView.swift */; };
		B3CE848628A394D500F57038 /* ProfilePositionViewController.swift in Sources */ = {isa = PBXBuildFile; fileRef = B3CE848528A394D500F57038 /* ProfilePositionViewController.swift */; };
		B3CE848A28A3A02F00F57038 /* PositionCell.swift in Sources */ = {isa = PBXBuildFile; fileRef = B3CE848928A3A02F00F57038 /* PositionCell.swift */; };
		B3E524E728A4E99A00FBA21C /* LeftAlignedCollectionViewFlowLayout.swift in Sources */ = {isa = PBXBuildFile; fileRef = B3E524E628A4E99A00FBA21C /* LeftAlignedCollectionViewFlowLayout.swift */; };
		D20D2E6328A027DD0001B2D3 /* AppDelegate.swift in Sources */ = {isa = PBXBuildFile; fileRef = D20D2E6228A027DD0001B2D3 /* AppDelegate.swift */; };
		D20D2E6528A027DD0001B2D3 /* SceneDelegate.swift in Sources */ = {isa = PBXBuildFile; fileRef = D20D2E6428A027DD0001B2D3 /* SceneDelegate.swift */; };
		D20D2E6C28A027DD0001B2D3 /* Assets.xcassets in Resources */ = {isa = PBXBuildFile; fileRef = D20D2E6B28A027DD0001B2D3 /* Assets.xcassets */; };
		D20D2E6F28A027DD0001B2D3 /* LaunchScreen.storyboard in Resources */ = {isa = PBXBuildFile; fileRef = D20D2E6D28A027DD0001B2D3 /* LaunchScreen.storyboard */; };
		D20D2E7828A029C40001B2D3 /* .swiftlint.yml in Resources */ = {isa = PBXBuildFile; fileRef = D20D2E7728A029C40001B2D3 /* .swiftlint.yml */; };
		D20D2E8128A0EBBA0001B2D3 /* LoginViewController.swift in Sources */ = {isa = PBXBuildFile; fileRef = D20D2E8028A0EBBA0001B2D3 /* LoginViewController.swift */; };
		D20D2E8328A0F0740001B2D3 /* UIView +.swift in Sources */ = {isa = PBXBuildFile; fileRef = D20D2E8228A0F0740001B2D3 /* UIView +.swift */; };
		D20D2E8528A0F4A70001B2D3 /* UITextField +.swift in Sources */ = {isa = PBXBuildFile; fileRef = D20D2E8428A0F4A70001B2D3 /* UITextField +.swift */; };
		D20D2E8728A0F8FF0001B2D3 /* CustomTextField.swift in Sources */ = {isa = PBXBuildFile; fileRef = D20D2E8628A0F8FF0001B2D3 /* CustomTextField.swift */; };
		D20D2E8928A0FF3C0001B2D3 /* CustomWideButton.swift in Sources */ = {isa = PBXBuildFile; fileRef = D20D2E8828A0FF3C0001B2D3 /* CustomWideButton.swift */; };
		D20D2E8D28A108260001B2D3 /* StackView +.swift in Sources */ = {isa = PBXBuildFile; fileRef = D20D2E8C28A108260001B2D3 /* StackView +.swift */; };
		D2360C8D28A2567200CEBB80 /* UIColor +.swift in Sources */ = {isa = PBXBuildFile; fileRef = D2360C8C28A2567200CEBB80 /* UIColor +.swift */; };
		D2360C8F28A34B3A00CEBB80 /* SignUpViewController.swift in Sources */ = {isa = PBXBuildFile; fileRef = D2360C8E28A34B3A00CEBB80 /* SignUpViewController.swift */; };
		D2377EBE29222BD700EBEB5A /* Array +.swift in Sources */ = {isa = PBXBuildFile; fileRef = D2377EBD29222BD700EBEB5A /* Array +.swift */; };
		D2377EC129234B2100EBEB5A /* LoginViewModel.swift in Sources */ = {isa = PBXBuildFile; fileRef = D2377EC029234B2100EBEB5A /* LoginViewModel.swift */; };
		D2377EC329235A2B00EBEB5A /* ViewModel.swift in Sources */ = {isa = PBXBuildFile; fileRef = D2377EC229235A2B00EBEB5A /* ViewModel.swift */; };
		D2377EC72924753C00EBEB5A /* CustomLabel.swift in Sources */ = {isa = PBXBuildFile; fileRef = D2377EC62924753C00EBEB5A /* CustomLabel.swift */; };
		D298818828ACCCF200F53FBF /* CheckValidityUsecase.swift in Sources */ = {isa = PBXBuildFile; fileRef = D298818728ACCCF200F53FBF /* CheckValidityUsecase.swift */; };
		D298818E28ACD2AA00F53FBF /* SignUpViewModel.swift in Sources */ = {isa = PBXBuildFile; fileRef = D298818D28ACD2AA00F53FBF /* SignUpViewModel.swift */; };
		D298819028ACD35900F53FBF /* CheckUsecase.swift in Sources */ = {isa = PBXBuildFile; fileRef = D298818F28ACD35900F53FBF /* CheckUsecase.swift */; };
		D298819328ACD53100F53FBF /* ValidationCheckCase.swift in Sources */ = {isa = PBXBuildFile; fileRef = D298819228ACD53100F53FBF /* ValidationCheckCase.swift */; };
		D298819D28B3685500F53FBF /* UIViewController +.swift in Sources */ = {isa = PBXBuildFile; fileRef = D298819C28B3685500F53FBF /* UIViewController +.swift */; };
		D2BDB97228A38CBB00754B5A /* AuthenticationViewController.swift in Sources */ = {isa = PBXBuildFile; fileRef = D2BDB97128A38CBB00754B5A /* AuthenticationViewController.swift */; };
		D2BDB97928A3A6C100754B5A /* CompleteViewController.swift in Sources */ = {isa = PBXBuildFile; fileRef = D2BDB97828A3A6C100754B5A /* CompleteViewController.swift */; };
		D2BDB97B28A5EFE300754B5A /* CustomNarrowButton.swift in Sources */ = {isa = PBXBuildFile; fileRef = D2BDB97A28A5EFE300754B5A /* CustomNarrowButton.swift */; };
		D2D95FE1292707F000643364 /* AuthenticationViewModel.swift in Sources */ = {isa = PBXBuildFile; fileRef = D2D95FE0292707F000643364 /* AuthenticationViewModel.swift */; };
/* End PBXBuildFile section */

/* Begin PBXFileReference section */
		6D27D27DE034CE84AC5813C1 /* Pods-iOS-Gaebalzarang.release.xcconfig */ = {isa = PBXFileReference; includeInIndex = 1; lastKnownFileType = text.xcconfig; name = "Pods-iOS-Gaebalzarang.release.xcconfig"; path = "Target Support Files/Pods-iOS-Gaebalzarang/Pods-iOS-Gaebalzarang.release.xcconfig"; sourceTree = "<group>"; };
		90BFA412332FBA27DA240888 /* Pods-iOS-Gaebalzarang.debug.xcconfig */ = {isa = PBXFileReference; includeInIndex = 1; lastKnownFileType = text.xcconfig; name = "Pods-iOS-Gaebalzarang.debug.xcconfig"; path = "Target Support Files/Pods-iOS-Gaebalzarang/Pods-iOS-Gaebalzarang.debug.xcconfig"; sourceTree = "<group>"; };
		941AF86A3854837156196E51 /* Pods_iOS_Gaebalzarang.framework */ = {isa = PBXFileReference; explicitFileType = wrapper.framework; includeInIndex = 0; path = Pods_iOS_Gaebalzarang.framework; sourceTree = BUILT_PRODUCTS_DIR; };
		B3324D5F28B35A6500F7263F /* PortfolioViewController.swift */ = {isa = PBXFileReference; lastKnownFileType = sourcecode.swift; name = PortfolioViewController.swift; path = "iOS-Gaebalzarang/PresentationLayer/Scene/ProfileScene/PortfolioViewController.swift"; sourceTree = SOURCE_ROOT; };
		B3324D6128B3696D00F7263F /* ScheduleViewController.swift */ = {isa = PBXFileReference; lastKnownFileType = sourcecode.swift; path = ScheduleViewController.swift; sourceTree = "<group>"; };
		B3324D6328B372FE00F7263F /* CustomSelectButton.swift */ = {isa = PBXFileReference; lastKnownFileType = sourcecode.swift; path = CustomSelectButton.swift; sourceTree = "<group>"; };
		B3324D6528B3AD5D00F7263F /* SkillViewController.swift */ = {isa = PBXFileReference; lastKnownFileType = sourcecode.swift; path = SkillViewController.swift; sourceTree = "<group>"; };
		B3324D6728B3B6E000F7263F /* SkillCell.swift */ = {isa = PBXFileReference; lastKnownFileType = sourcecode.swift; path = SkillCell.swift; sourceTree = "<group>"; };
		B3324D6B28B3F07100F7263F /* ProfileCompleteViewController.swift */ = {isa = PBXFileReference; lastKnownFileType = sourcecode.swift; path = ProfileCompleteViewController.swift; sourceTree = "<group>"; };
		B361CEC928CF012400F1490A /* CollaboratorHeaderView.swift */ = {isa = PBXFileReference; fileEncoding = 4; lastKnownFileType = sourcecode.swift; path = CollaboratorHeaderView.swift; sourceTree = "<group>"; };
		B361CECA28CF012400F1490A /* CollaboratorCell.swift */ = {isa = PBXFileReference; fileEncoding = 4; lastKnownFileType = sourcecode.swift; path = CollaboratorCell.swift; sourceTree = "<group>"; };
		B361CECB28CF012400F1490A /* RecommandProjectCell.swift */ = {isa = PBXFileReference; fileEncoding = 4; lastKnownFileType = sourcecode.swift; path = RecommandProjectCell.swift; sourceTree = "<group>"; };
		B361CECC28CF012400F1490A /* ProjectHeaderView.swift */ = {isa = PBXFileReference; fileEncoding = 4; lastKnownFileType = sourcecode.swift; path = ProjectHeaderView.swift; sourceTree = "<group>"; };
		B361CECD28CF012500F1490A /* MainHeaderCell.swift */ = {isa = PBXFileReference; fileEncoding = 4; lastKnownFileType = sourcecode.swift; path = MainHeaderCell.swift; sourceTree = "<group>"; };
		B361CECE28CF012500F1490A /* MainViewController.swift */ = {isa = PBXFileReference; fileEncoding = 4; lastKnownFileType = sourcecode.swift; path = MainViewController.swift; sourceTree = "<group>"; };
		B3A95F8F28A0EFCB00B6E48C /* IntroduceViewController.swift */ = {isa = PBXFileReference; lastKnownFileType = sourcecode.swift; path = IntroduceViewController.swift; sourceTree = "<group>"; };
		B3CE847F28A2685800F57038 /* DesignGuide.swift */ = {isa = PBXFileReference; lastKnownFileType = sourcecode.swift; path = DesignGuide.swift; sourceTree = "<group>"; };
		B3CE848128A3552D00F57038 /* ProfileLocationViewController.swift */ = {isa = PBXFileReference; lastKnownFileType = sourcecode.swift; path = ProfileLocationViewController.swift; sourceTree = "<group>"; };
		B3CE848328A355A400F57038 /* InputTitleView.swift */ = {isa = PBXFileReference; lastKnownFileType = sourcecode.swift; path = InputTitleView.swift; sourceTree = "<group>"; };
		B3CE848528A394D500F57038 /* ProfilePositionViewController.swift */ = {isa = PBXFileReference; lastKnownFileType = sourcecode.swift; path = ProfilePositionViewController.swift; sourceTree = "<group>"; };
		B3CE848928A3A02F00F57038 /* PositionCell.swift */ = {isa = PBXFileReference; lastKnownFileType = sourcecode.swift; path = PositionCell.swift; sourceTree = "<group>"; };
		B3E524E628A4E99A00FBA21C /* LeftAlignedCollectionViewFlowLayout.swift */ = {isa = PBXFileReference; lastKnownFileType = sourcecode.swift; path = LeftAlignedCollectionViewFlowLayout.swift; sourceTree = "<group>"; };
		D20D2E5F28A027DC0001B2D3 /* iOS-Gaebalzarang.app */ = {isa = PBXFileReference; explicitFileType = wrapper.application; includeInIndex = 0; path = "iOS-Gaebalzarang.app"; sourceTree = BUILT_PRODUCTS_DIR; };
		D20D2E6228A027DD0001B2D3 /* AppDelegate.swift */ = {isa = PBXFileReference; lastKnownFileType = sourcecode.swift; path = AppDelegate.swift; sourceTree = "<group>"; };
		D20D2E6428A027DD0001B2D3 /* SceneDelegate.swift */ = {isa = PBXFileReference; lastKnownFileType = sourcecode.swift; path = SceneDelegate.swift; sourceTree = "<group>"; };
		D20D2E6B28A027DD0001B2D3 /* Assets.xcassets */ = {isa = PBXFileReference; lastKnownFileType = folder.assetcatalog; path = Assets.xcassets; sourceTree = "<group>"; };
		D20D2E6E28A027DD0001B2D3 /* Base */ = {isa = PBXFileReference; lastKnownFileType = file.storyboard; name = Base; path = Base.lproj/LaunchScreen.storyboard; sourceTree = "<group>"; };
		D20D2E7028A027DD0001B2D3 /* Info.plist */ = {isa = PBXFileReference; lastKnownFileType = text.plist.xml; path = Info.plist; sourceTree = "<group>"; };
		D20D2E7728A029C40001B2D3 /* .swiftlint.yml */ = {isa = PBXFileReference; lastKnownFileType = text.yaml; path = .swiftlint.yml; sourceTree = "<group>"; };
		D20D2E8028A0EBBA0001B2D3 /* LoginViewController.swift */ = {isa = PBXFileReference; lastKnownFileType = sourcecode.swift; path = LoginViewController.swift; sourceTree = "<group>"; };
		D20D2E8228A0F0740001B2D3 /* UIView +.swift */ = {isa = PBXFileReference; lastKnownFileType = sourcecode.swift; path = "UIView +.swift"; sourceTree = "<group>"; };
		D20D2E8428A0F4A70001B2D3 /* UITextField +.swift */ = {isa = PBXFileReference; lastKnownFileType = sourcecode.swift; path = "UITextField +.swift"; sourceTree = "<group>"; };
		D20D2E8628A0F8FF0001B2D3 /* CustomTextField.swift */ = {isa = PBXFileReference; lastKnownFileType = sourcecode.swift; path = CustomTextField.swift; sourceTree = "<group>"; };
		D20D2E8828A0FF3C0001B2D3 /* CustomWideButton.swift */ = {isa = PBXFileReference; lastKnownFileType = sourcecode.swift; path = CustomWideButton.swift; sourceTree = "<group>"; };
		D20D2E8C28A108260001B2D3 /* StackView +.swift */ = {isa = PBXFileReference; lastKnownFileType = sourcecode.swift; path = "StackView +.swift"; sourceTree = "<group>"; };
		D2360C8C28A2567200CEBB80 /* UIColor +.swift */ = {isa = PBXFileReference; lastKnownFileType = sourcecode.swift; path = "UIColor +.swift"; sourceTree = "<group>"; };
		D2360C8E28A34B3A00CEBB80 /* SignUpViewController.swift */ = {isa = PBXFileReference; lastKnownFileType = sourcecode.swift; path = SignUpViewController.swift; sourceTree = "<group>"; };
		D2377EBD29222BD700EBEB5A /* Array +.swift */ = {isa = PBXFileReference; lastKnownFileType = sourcecode.swift; path = "Array +.swift"; sourceTree = "<group>"; };
		D2377EC029234B2100EBEB5A /* LoginViewModel.swift */ = {isa = PBXFileReference; lastKnownFileType = sourcecode.swift; path = LoginViewModel.swift; sourceTree = "<group>"; };
		D2377EC229235A2B00EBEB5A /* ViewModel.swift */ = {isa = PBXFileReference; lastKnownFileType = sourcecode.swift; path = ViewModel.swift; sourceTree = "<group>"; };
		D2377EC62924753C00EBEB5A /* CustomLabel.swift */ = {isa = PBXFileReference; lastKnownFileType = sourcecode.swift; path = CustomLabel.swift; sourceTree = "<group>"; };
		D298818728ACCCF200F53FBF /* CheckValidityUsecase.swift */ = {isa = PBXFileReference; lastKnownFileType = sourcecode.swift; path = CheckValidityUsecase.swift; sourceTree = "<group>"; };
		D298818D28ACD2AA00F53FBF /* SignUpViewModel.swift */ = {isa = PBXFileReference; lastKnownFileType = sourcecode.swift; path = SignUpViewModel.swift; sourceTree = "<group>"; };
		D298818F28ACD35900F53FBF /* CheckUsecase.swift */ = {isa = PBXFileReference; lastKnownFileType = sourcecode.swift; path = CheckUsecase.swift; sourceTree = "<group>"; };
		D298819228ACD53100F53FBF /* ValidationCheckCase.swift */ = {isa = PBXFileReference; lastKnownFileType = sourcecode.swift; path = ValidationCheckCase.swift; sourceTree = "<group>"; };
		D298819C28B3685500F53FBF /* UIViewController +.swift */ = {isa = PBXFileReference; lastKnownFileType = sourcecode.swift; path = "UIViewController +.swift"; sourceTree = "<group>"; };
		D2BDB97128A38CBB00754B5A /* AuthenticationViewController.swift */ = {isa = PBXFileReference; lastKnownFileType = sourcecode.swift; path = AuthenticationViewController.swift; sourceTree = "<group>"; };
		D2BDB97828A3A6C100754B5A /* CompleteViewController.swift */ = {isa = PBXFileReference; lastKnownFileType = sourcecode.swift; path = CompleteViewController.swift; sourceTree = "<group>"; };
		D2BDB97A28A5EFE300754B5A /* CustomNarrowButton.swift */ = {isa = PBXFileReference; lastKnownFileType = sourcecode.swift; path = CustomNarrowButton.swift; sourceTree = "<group>"; };
		D2D95FE0292707F000643364 /* AuthenticationViewModel.swift */ = {isa = PBXFileReference; lastKnownFileType = sourcecode.swift; path = AuthenticationViewModel.swift; sourceTree = "<group>"; };
/* End PBXFileReference section */

/* Begin PBXFrameworksBuildPhase section */
		D20D2E5C28A027DC0001B2D3 /* Frameworks */ = {
			isa = PBXFrameworksBuildPhase;
			buildActionMask = 2147483647;
			files = (
				5630B9725B295D37A8793F6D /* Pods_iOS_Gaebalzarang.framework in Frameworks */,
			);
			runOnlyForDeploymentPostprocessing = 0;
		};
/* End PBXFrameworksBuildPhase section */

/* Begin PBXGroup section */
		424411B0A01095F7FC14F718 /* Frameworks */ = {
			isa = PBXGroup;
			children = (
				941AF86A3854837156196E51 /* Pods_iOS_Gaebalzarang.framework */,
			);
			name = Frameworks;
			sourceTree = "<group>";
		};
		5FF970DA59487B2147EC8221 /* Pods */ = {
			isa = PBXGroup;
			children = (
				90BFA412332FBA27DA240888 /* Pods-iOS-Gaebalzarang.debug.xcconfig */,
				6D27D27DE034CE84AC5813C1 /* Pods-iOS-Gaebalzarang.release.xcconfig */,
			);
			path = Pods;
			sourceTree = "<group>";
		};
		B3324D6D28B4B32600F7263F /* Introduce */ = {
			isa = PBXGroup;
			children = (
				B3A95F8F28A0EFCB00B6E48C /* IntroduceViewController.swift */,
			);
			path = Introduce;
			sourceTree = "<group>";
		};
		B3324D6E28B4B33E00F7263F /* Location */ = {
			isa = PBXGroup;
			children = (
				B3CE848128A3552D00F57038 /* ProfileLocationViewController.swift */,
			);
			path = Location;
			sourceTree = "<group>";
		};
		B3324D6F28B4B38500F7263F /* Position */ = {
			isa = PBXGroup;
			children = (
				B3CE848528A394D500F57038 /* ProfilePositionViewController.swift */,
				B3CE848928A3A02F00F57038 /* PositionCell.swift */,
			);
			path = Position;
			sourceTree = "<group>";
		};
		B3324D7028B4B3A700F7263F /* Portfolio */ = {
			isa = PBXGroup;
			children = (
				B3324D5F28B35A6500F7263F /* PortfolioViewController.swift */,
			);
			path = Portfolio;
			sourceTree = "<group>";
		};
		B3324D7128B4B3C100F7263F /* Schedule */ = {
			isa = PBXGroup;
			children = (
				B3324D6128B3696D00F7263F /* ScheduleViewController.swift */,
			);
			path = Schedule;
			sourceTree = "<group>";
		};
		B3324D7228B4B3D100F7263F /* Skill */ = {
			isa = PBXGroup;
			children = (
				B3324D6528B3AD5D00F7263F /* SkillViewController.swift */,
				B3324D6728B3B6E000F7263F /* SkillCell.swift */,
			);
			path = Skill;
			sourceTree = "<group>";
		};
		B3324D7428B4B3FB00F7263F /* Complete */ = {
			isa = PBXGroup;
			children = (
				B3324D6B28B3F07100F7263F /* ProfileCompleteViewController.swift */,
			);
			path = Complete;
			sourceTree = "<group>";
		};
		B3324D7528B4B4B600F7263F /* View */ = {
			isa = PBXGroup;
			children = (
				B3324D6D28B4B32600F7263F /* Introduce */,
				B3324D6E28B4B33E00F7263F /* Location */,
				B3324D6F28B4B38500F7263F /* Position */,
				B3324D7128B4B3C100F7263F /* Schedule */,
				B3324D7028B4B3A700F7263F /* Portfolio */,
				B3324D7228B4B3D100F7263F /* Skill */,
				B3324D7428B4B3FB00F7263F /* Complete */,
			);
			path = View;
			sourceTree = "<group>";
		};
		B361CEBB28CF001F00F1490A /* MainScene */ = {
			isa = PBXGroup;
			children = (
				B361CEBC28CF008400F1490A /* View */,
			);
			path = MainScene;
			sourceTree = "<group>";
		};
		B361CEBC28CF008400F1490A /* View */ = {
			isa = PBXGroup;
			children = (
				B361CECE28CF012500F1490A /* MainViewController.swift */,
				B361CECD28CF012500F1490A /* MainHeaderCell.swift */,
				B361CECC28CF012400F1490A /* ProjectHeaderView.swift */,
				B361CECB28CF012400F1490A /* RecommandProjectCell.swift */,
				B361CEC928CF012400F1490A /* CollaboratorHeaderView.swift */,
				B361CECA28CF012400F1490A /* CollaboratorCell.swift */,
			);
			path = View;
			sourceTree = "<group>";
		};
		B3F571A728A24F090092B4D0 /* LoginScene */ = {
			isa = PBXGroup;
			children = (
				D2377EBF29234B1000EBEB5A /* ViewModel */,
				B3F571A828A24F140092B4D0 /* View */,
			);
			path = LoginScene;
			sourceTree = "<group>";
		};
		B3F571A828A24F140092B4D0 /* View */ = {
			isa = PBXGroup;
			children = (
				D20D2E8028A0EBBA0001B2D3 /* LoginViewController.swift */,
			);
			path = View;
			sourceTree = "<group>";
		};
		B3F571A928A24F610092B4D0 /* SignUpScene */ = {
			isa = PBXGroup;
			children = (
				D298818C28ACD29C00F53FBF /* ViewModel */,
				B3F571AA28A24F6B0092B4D0 /* View */,
			);
			path = SignUpScene;
			sourceTree = "<group>";
		};
		B3F571AA28A24F6B0092B4D0 /* View */ = {
			isa = PBXGroup;
			children = (
				D2BDB97528A3A67800754B5A /* SignUp */,
				D2BDB97628A3A68400754B5A /* Authentication */,
				D2BDB97728A3A69B00754B5A /* Complete */,
			);
			path = View;
			sourceTree = "<group>";
		};
		B3F571AB28A24F830092B4D0 /* ProfileScene */ = {
			isa = PBXGroup;
			children = (
				B3324D7528B4B4B600F7263F /* View */,
			);
			path = ProfileScene;
			sourceTree = "<group>";
		};
		B3F571AC28A24F940092B4D0 /* PresentationLayer */ = {
			isa = PBXGroup;
			children = (
				B3F571AE28A250310092B4D0 /* Extension + */,
				B3F571AD28A250010092B4D0 /* Components */,
				B3F571AF28A250840092B4D0 /* Scene */,
			);
			path = PresentationLayer;
			sourceTree = "<group>";
		};
		B3F571AD28A250010092B4D0 /* Components */ = {
			isa = PBXGroup;
			children = (
				D20D2E8828A0FF3C0001B2D3 /* CustomWideButton.swift */,
				D2BDB97A28A5EFE300754B5A /* CustomNarrowButton.swift */,
				D2377EC62924753C00EBEB5A /* CustomLabel.swift */,
				D20D2E8628A0F8FF0001B2D3 /* CustomTextField.swift */,
				B3CE848328A355A400F57038 /* InputTitleView.swift */,
				B3324D6328B372FE00F7263F /* CustomSelectButton.swift */,
				B3E524E628A4E99A00FBA21C /* LeftAlignedCollectionViewFlowLayout.swift */,
			);
			path = Components;
			sourceTree = "<group>";
		};
		B3F571AE28A250310092B4D0 /* Extension + */ = {
			isa = PBXGroup;
			children = (
				D298819C28B3685500F53FBF /* UIViewController +.swift */,
				D20D2E8428A0F4A70001B2D3 /* UITextField +.swift */,
				D20D2E8C28A108260001B2D3 /* StackView +.swift */,
				D20D2E8228A0F0740001B2D3 /* UIView +.swift */,
				D2360C8C28A2567200CEBB80 /* UIColor +.swift */,
				D2377EBD29222BD700EBEB5A /* Array +.swift */,
			);
			path = "Extension +";
			sourceTree = "<group>";
		};
		B3F571AF28A250840092B4D0 /* Scene */ = {
			isa = PBXGroup;
			children = (
				B3F571A728A24F090092B4D0 /* LoginScene */,
				B3F571A928A24F610092B4D0 /* SignUpScene */,
				B3F571AB28A24F830092B4D0 /* ProfileScene */,
				B361CEBB28CF001F00F1490A /* MainScene */,
			);
			path = Scene;
			sourceTree = "<group>";
		};
		D20D2E5628A027DC0001B2D3 = {
			isa = PBXGroup;
			children = (
				D20D2E7728A029C40001B2D3 /* .swiftlint.yml */,
				D20D2E6128A027DC0001B2D3 /* iOS-Gaebalzarang */,
				D20D2E6028A027DC0001B2D3 /* Products */,
				5FF970DA59487B2147EC8221 /* Pods */,
				424411B0A01095F7FC14F718 /* Frameworks */,
			);
			sourceTree = "<group>";
		};
		D20D2E6028A027DC0001B2D3 /* Products */ = {
			isa = PBXGroup;
			children = (
				D20D2E5F28A027DC0001B2D3 /* iOS-Gaebalzarang.app */,
			);
			name = Products;
			sourceTree = "<group>";
		};
		D20D2E6128A027DC0001B2D3 /* iOS-Gaebalzarang */ = {
			isa = PBXGroup;
			children = (
				D298819128ACD50F00F53FBF /* Discriminator */,
				B3F571AC28A24F940092B4D0 /* PresentationLayer */,
				D298818428ACCBA500F53FBF /* Domain Layer */,
				D20D2E6228A027DD0001B2D3 /* AppDelegate.swift */,
				D20D2E6428A027DD0001B2D3 /* SceneDelegate.swift */,
				D20D2E6B28A027DD0001B2D3 /* Assets.xcassets */,
				D20D2E6D28A027DD0001B2D3 /* LaunchScreen.storyboard */,
				D20D2E7028A027DD0001B2D3 /* Info.plist */,
			);
			path = "iOS-Gaebalzarang";
			sourceTree = "<group>";
		};
		D2377EBF29234B1000EBEB5A /* ViewModel */ = {
			isa = PBXGroup;
			children = (
				D2377EC029234B2100EBEB5A /* LoginViewModel.swift */,
				D2377EC229235A2B00EBEB5A /* ViewModel.swift */,
			);
			path = ViewModel;
			sourceTree = "<group>";
		};
		D298818428ACCBA500F53FBF /* Domain Layer */ = {
			isa = PBXGroup;
			children = (
				D298818528ACCC0900F53FBF /* Protocol */,
				D298818628ACCC1300F53FBF /* SignUpUsecase */,
			);
			path = "Domain Layer";
			sourceTree = "<group>";
		};
		D298818528ACCC0900F53FBF /* Protocol */ = {
			isa = PBXGroup;
			children = (
				D298818F28ACD35900F53FBF /* CheckUsecase.swift */,
			);
			path = Protocol;
			sourceTree = "<group>";
		};
		D298818628ACCC1300F53FBF /* SignUpUsecase */ = {
			isa = PBXGroup;
			children = (
				D298818728ACCCF200F53FBF /* CheckValidityUsecase.swift */,
			);
			path = SignUpUsecase;
			sourceTree = "<group>";
		};
		D298818C28ACD29C00F53FBF /* ViewModel */ = {
			isa = PBXGroup;
			children = (
				D298818D28ACD2AA00F53FBF /* SignUpViewModel.swift */,
				D2D95FE0292707F000643364 /* AuthenticationViewModel.swift */,
			);
			path = ViewModel;
			sourceTree = "<group>";
		};
		D298819128ACD50F00F53FBF /* Discriminator */ = {
			isa = PBXGroup;
			children = (
				D298819228ACD53100F53FBF /* ValidationCheckCase.swift */,
				B3CE847F28A2685800F57038 /* DesignGuide.swift */,
			);
			path = Discriminator;
			sourceTree = "<group>";
		};
		D2BDB97528A3A67800754B5A /* SignUp */ = {
			isa = PBXGroup;
			children = (
				D2360C8E28A34B3A00CEBB80 /* SignUpViewController.swift */,
			);
			path = SignUp;
			sourceTree = "<group>";
		};
		D2BDB97628A3A68400754B5A /* Authentication */ = {
			isa = PBXGroup;
			children = (
				D2BDB97128A38CBB00754B5A /* AuthenticationViewController.swift */,
			);
			path = Authentication;
			sourceTree = "<group>";
		};
		D2BDB97728A3A69B00754B5A /* Complete */ = {
			isa = PBXGroup;
			children = (
				D2BDB97828A3A6C100754B5A /* CompleteViewController.swift */,
			);
			path = Complete;
			sourceTree = "<group>";
		};
/* End PBXGroup section */

/* Begin PBXNativeTarget section */
		D20D2E5E28A027DC0001B2D3 /* iOS-Gaebalzarang */ = {
			isa = PBXNativeTarget;
			buildConfigurationList = D20D2E7328A027DD0001B2D3 /* Build configuration list for PBXNativeTarget "iOS-Gaebalzarang" */;
			buildPhases = (
				D22AD80970BCB1A23020EB92 /* [CP] Check Pods Manifest.lock */,
				D20D2E5B28A027DC0001B2D3 /* Sources */,
				D20D2E5C28A027DC0001B2D3 /* Frameworks */,
				D20D2E5D28A027DC0001B2D3 /* Resources */,
				7AF097B080AF4B27583CE4FA /* [CP] Embed Pods Frameworks */,
				D20D2E7628A029210001B2D3 /* ShellScript */,
			);
			buildRules = (
			);
			dependencies = (
			);
			name = "iOS-Gaebalzarang";
			productName = "iOS-Gaebalzarang";
			productReference = D20D2E5F28A027DC0001B2D3 /* iOS-Gaebalzarang.app */;
			productType = "com.apple.product-type.application";
		};
/* End PBXNativeTarget section */

/* Begin PBXProject section */
		D20D2E5728A027DC0001B2D3 /* Project object */ = {
			isa = PBXProject;
			attributes = {
				BuildIndependentTargetsInParallel = 1;
				LastSwiftUpdateCheck = 1340;
				LastUpgradeCheck = 1340;
				TargetAttributes = {
					D20D2E5E28A027DC0001B2D3 = {
						CreatedOnToolsVersion = 13.4.1;
					};
				};
			};
			buildConfigurationList = D20D2E5A28A027DC0001B2D3 /* Build configuration list for PBXProject "iOS-Gaebalzarang" */;
			compatibilityVersion = "Xcode 13.0";
			developmentRegion = en;
			hasScannedForEncodings = 0;
			knownRegions = (
				en,
				Base,
			);
			mainGroup = D20D2E5628A027DC0001B2D3;
			productRefGroup = D20D2E6028A027DC0001B2D3 /* Products */;
			projectDirPath = "";
			projectRoot = "";
			targets = (
				D20D2E5E28A027DC0001B2D3 /* iOS-Gaebalzarang */,
			);
		};
/* End PBXProject section */

/* Begin PBXResourcesBuildPhase section */
		D20D2E5D28A027DC0001B2D3 /* Resources */ = {
			isa = PBXResourcesBuildPhase;
			buildActionMask = 2147483647;
			files = (
				D20D2E7828A029C40001B2D3 /* .swiftlint.yml in Resources */,
				D20D2E6F28A027DD0001B2D3 /* LaunchScreen.storyboard in Resources */,
				D20D2E6C28A027DD0001B2D3 /* Assets.xcassets in Resources */,
			);
			runOnlyForDeploymentPostprocessing = 0;
		};
/* End PBXResourcesBuildPhase section */

/* Begin PBXShellScriptBuildPhase section */
		7AF097B080AF4B27583CE4FA /* [CP] Embed Pods Frameworks */ = {
			isa = PBXShellScriptBuildPhase;
			buildActionMask = 2147483647;
			files = (
			);
			inputFileListPaths = (
				"${PODS_ROOT}/Target Support Files/Pods-iOS-Gaebalzarang/Pods-iOS-Gaebalzarang-frameworks-${CONFIGURATION}-input-files.xcfilelist",
			);
			name = "[CP] Embed Pods Frameworks";
			outputFileListPaths = (
				"${PODS_ROOT}/Target Support Files/Pods-iOS-Gaebalzarang/Pods-iOS-Gaebalzarang-frameworks-${CONFIGURATION}-output-files.xcfilelist",
			);
			runOnlyForDeploymentPostprocessing = 0;
			shellPath = /bin/sh;
			shellScript = "\"${PODS_ROOT}/Target Support Files/Pods-iOS-Gaebalzarang/Pods-iOS-Gaebalzarang-frameworks.sh\"\n";
			showEnvVarsInLog = 0;
		};
		D20D2E7628A029210001B2D3 /* ShellScript */ = {
			isa = PBXShellScriptBuildPhase;
			buildActionMask = 2147483647;
			files = (
			);
			inputFileListPaths = (
			);
			inputPaths = (
			);
			outputFileListPaths = (
			);
			outputPaths = (
			);
			runOnlyForDeploymentPostprocessing = 0;
			shellPath = /bin/sh;
			shellScript = "${PODS_ROOT}/SwiftLint/swiftlint autocorrect\n";
		};
		D22AD80970BCB1A23020EB92 /* [CP] Check Pods Manifest.lock */ = {
			isa = PBXShellScriptBuildPhase;
			buildActionMask = 2147483647;
			files = (
			);
			inputFileListPaths = (
			);
			inputPaths = (
				"${PODS_PODFILE_DIR_PATH}/Podfile.lock",
				"${PODS_ROOT}/Manifest.lock",
			);
			name = "[CP] Check Pods Manifest.lock";
			outputFileListPaths = (
			);
			outputPaths = (
				"$(DERIVED_FILE_DIR)/Pods-iOS-Gaebalzarang-checkManifestLockResult.txt",
			);
			runOnlyForDeploymentPostprocessing = 0;
			shellPath = /bin/sh;
			shellScript = "diff \"${PODS_PODFILE_DIR_PATH}/Podfile.lock\" \"${PODS_ROOT}/Manifest.lock\" > /dev/null\nif [ $? != 0 ] ; then\n    # print error to STDERR\n    echo \"error: The sandbox is not in sync with the Podfile.lock. Run 'pod install' or update your CocoaPods installation.\" >&2\n    exit 1\nfi\n# This output is used by Xcode 'outputs' to avoid re-running this script phase.\necho \"SUCCESS\" > \"${SCRIPT_OUTPUT_FILE_0}\"\n";
			showEnvVarsInLog = 0;
		};
/* End PBXShellScriptBuildPhase section */

/* Begin PBXSourcesBuildPhase section */
		D20D2E5B28A027DC0001B2D3 /* Sources */ = {
			isa = PBXSourcesBuildPhase;
			buildActionMask = 2147483647;
			files = (
				D298819D28B3685500F53FBF /* UIViewController +.swift in Sources */,
				B3324D6428B372FE00F7263F /* CustomSelectButton.swift in Sources */,
				B361CECF28CF012500F1490A /* CollaboratorHeaderView.swift in Sources */,
				B3A95F9028A0EFCB00B6E48C /* IntroduceViewController.swift in Sources */,
				B361CED028CF012500F1490A /* CollaboratorCell.swift in Sources */,
				D2D95FE1292707F000643364 /* AuthenticationViewModel.swift in Sources */,
				B3324D6228B3696D00F7263F /* ScheduleViewController.swift in Sources */,
				D2377EC329235A2B00EBEB5A /* ViewModel.swift in Sources */,
				D20D2E8728A0F8FF0001B2D3 /* CustomTextField.swift in Sources */,
				B3324D6C28B3F07100F7263F /* ProfileCompleteViewController.swift in Sources */,
				B3CE848A28A3A02F00F57038 /* PositionCell.swift in Sources */,
				D298819028ACD35900F53FBF /* CheckUsecase.swift in Sources */,
				D20D2E8128A0EBBA0001B2D3 /* LoginViewController.swift in Sources */,
				B361CED228CF012500F1490A /* ProjectHeaderView.swift in Sources */,
				B3324D6828B3B6E000F7263F /* SkillCell.swift in Sources */,
				D2BDB97928A3A6C100754B5A /* CompleteViewController.swift in Sources */,
				D20D2E8D28A108260001B2D3 /* StackView +.swift in Sources */,
				B3324D6028B35A6500F7263F /* PortfolioViewController.swift in Sources */,
				D20D2E8528A0F4A70001B2D3 /* UITextField +.swift in Sources */,
				D20D2E8928A0FF3C0001B2D3 /* CustomWideButton.swift in Sources */,
				D298818828ACCCF200F53FBF /* CheckValidityUsecase.swift in Sources */,
				B361CED428CF012500F1490A /* MainViewController.swift in Sources */,
				D20D2E6328A027DD0001B2D3 /* AppDelegate.swift in Sources */,
				D2377EC129234B2100EBEB5A /* LoginViewModel.swift in Sources */,
				B3CE848628A394D500F57038 /* ProfilePositionViewController.swift in Sources */,
				D298818E28ACD2AA00F53FBF /* SignUpViewModel.swift in Sources */,
				B3CE848228A3552D00F57038 /* ProfileLocationViewController.swift in Sources */,
				B3E524E728A4E99A00FBA21C /* LeftAlignedCollectionViewFlowLayout.swift in Sources */,
				B3CE848028A2685800F57038 /* DesignGuide.swift in Sources */,
				D2360C8D28A2567200CEBB80 /* UIColor +.swift in Sources */,
				B361CED128CF012500F1490A /* RecommandProjectCell.swift in Sources */,
				D20D2E6528A027DD0001B2D3 /* SceneDelegate.swift in Sources */,
				D298819328ACD53100F53FBF /* ValidationCheckCase.swift in Sources */,
				B361CED328CF012500F1490A /* MainHeaderCell.swift in Sources */,
				B3CE848428A355A400F57038 /* InputTitleView.swift in Sources */,
				D2377EC72924753C00EBEB5A /* CustomLabel.swift in Sources */,
				D2BDB97B28A5EFE300754B5A /* CustomNarrowButton.swift in Sources */,
				D2BDB97228A38CBB00754B5A /* AuthenticationViewController.swift in Sources */,
				B3324D6628B3AD5D00F7263F /* SkillViewController.swift in Sources */,
				D2360C8F28A34B3A00CEBB80 /* SignUpViewController.swift in Sources */,
				D20D2E8328A0F0740001B2D3 /* UIView +.swift in Sources */,
				D2377EBE29222BD700EBEB5A /* Array +.swift in Sources */,
			);
			runOnlyForDeploymentPostprocessing = 0;
		};
/* End PBXSourcesBuildPhase section */

/* Begin PBXVariantGroup section */
		D20D2E6D28A027DD0001B2D3 /* LaunchScreen.storyboard */ = {
			isa = PBXVariantGroup;
			children = (
				D20D2E6E28A027DD0001B2D3 /* Base */,
			);
			name = LaunchScreen.storyboard;
			sourceTree = "<group>";
		};
/* End PBXVariantGroup section */

/* Begin XCBuildConfiguration section */
		D20D2E7128A027DD0001B2D3 /* Debug */ = {
			isa = XCBuildConfiguration;
			buildSettings = {
				ALWAYS_SEARCH_USER_PATHS = NO;
				CLANG_ANALYZER_NONNULL = YES;
				CLANG_ANALYZER_NUMBER_OBJECT_CONVERSION = YES_AGGRESSIVE;
				CLANG_CXX_LANGUAGE_STANDARD = "gnu++17";
				CLANG_ENABLE_MODULES = YES;
				CLANG_ENABLE_OBJC_ARC = YES;
				CLANG_ENABLE_OBJC_WEAK = YES;
				CLANG_WARN_BLOCK_CAPTURE_AUTORELEASING = YES;
				CLANG_WARN_BOOL_CONVERSION = YES;
				CLANG_WARN_COMMA = YES;
				CLANG_WARN_CONSTANT_CONVERSION = YES;
				CLANG_WARN_DEPRECATED_OBJC_IMPLEMENTATIONS = YES;
				CLANG_WARN_DIRECT_OBJC_ISA_USAGE = YES_ERROR;
				CLANG_WARN_DOCUMENTATION_COMMENTS = YES;
				CLANG_WARN_EMPTY_BODY = YES;
				CLANG_WARN_ENUM_CONVERSION = YES;
				CLANG_WARN_INFINITE_RECURSION = YES;
				CLANG_WARN_INT_CONVERSION = YES;
				CLANG_WARN_NON_LITERAL_NULL_CONVERSION = YES;
				CLANG_WARN_OBJC_IMPLICIT_RETAIN_SELF = YES;
				CLANG_WARN_OBJC_LITERAL_CONVERSION = YES;
				CLANG_WARN_OBJC_ROOT_CLASS = YES_ERROR;
				CLANG_WARN_QUOTED_INCLUDE_IN_FRAMEWORK_HEADER = YES;
				CLANG_WARN_RANGE_LOOP_ANALYSIS = YES;
				CLANG_WARN_STRICT_PROTOTYPES = YES;
				CLANG_WARN_SUSPICIOUS_MOVE = YES;
				CLANG_WARN_UNGUARDED_AVAILABILITY = YES_AGGRESSIVE;
				CLANG_WARN_UNREACHABLE_CODE = YES;
				CLANG_WARN__DUPLICATE_METHOD_MATCH = YES;
				COPY_PHASE_STRIP = NO;
				DEBUG_INFORMATION_FORMAT = dwarf;
				ENABLE_STRICT_OBJC_MSGSEND = YES;
				ENABLE_TESTABILITY = YES;
				GCC_C_LANGUAGE_STANDARD = gnu11;
				GCC_DYNAMIC_NO_PIC = NO;
				GCC_NO_COMMON_BLOCKS = YES;
				GCC_OPTIMIZATION_LEVEL = 0;
				GCC_PREPROCESSOR_DEFINITIONS = (
					"DEBUG=1",
					"$(inherited)",
				);
				GCC_WARN_64_TO_32_BIT_CONVERSION = YES;
				GCC_WARN_ABOUT_RETURN_TYPE = YES_ERROR;
				GCC_WARN_UNDECLARED_SELECTOR = YES;
				GCC_WARN_UNINITIALIZED_AUTOS = YES_AGGRESSIVE;
				GCC_WARN_UNUSED_FUNCTION = YES;
				GCC_WARN_UNUSED_VARIABLE = YES;
				IPHONEOS_DEPLOYMENT_TARGET = 13.0;
				MTL_ENABLE_DEBUG_INFO = INCLUDE_SOURCE;
				MTL_FAST_MATH = YES;
				ONLY_ACTIVE_ARCH = YES;
				SDKROOT = iphoneos;
				SWIFT_ACTIVE_COMPILATION_CONDITIONS = DEBUG;
				SWIFT_OPTIMIZATION_LEVEL = "-Onone";
			};
			name = Debug;
		};
		D20D2E7228A027DD0001B2D3 /* Release */ = {
			isa = XCBuildConfiguration;
			buildSettings = {
				ALWAYS_SEARCH_USER_PATHS = NO;
				CLANG_ANALYZER_NONNULL = YES;
				CLANG_ANALYZER_NUMBER_OBJECT_CONVERSION = YES_AGGRESSIVE;
				CLANG_CXX_LANGUAGE_STANDARD = "gnu++17";
				CLANG_ENABLE_MODULES = YES;
				CLANG_ENABLE_OBJC_ARC = YES;
				CLANG_ENABLE_OBJC_WEAK = YES;
				CLANG_WARN_BLOCK_CAPTURE_AUTORELEASING = YES;
				CLANG_WARN_BOOL_CONVERSION = YES;
				CLANG_WARN_COMMA = YES;
				CLANG_WARN_CONSTANT_CONVERSION = YES;
				CLANG_WARN_DEPRECATED_OBJC_IMPLEMENTATIONS = YES;
				CLANG_WARN_DIRECT_OBJC_ISA_USAGE = YES_ERROR;
				CLANG_WARN_DOCUMENTATION_COMMENTS = YES;
				CLANG_WARN_EMPTY_BODY = YES;
				CLANG_WARN_ENUM_CONVERSION = YES;
				CLANG_WARN_INFINITE_RECURSION = YES;
				CLANG_WARN_INT_CONVERSION = YES;
				CLANG_WARN_NON_LITERAL_NULL_CONVERSION = YES;
				CLANG_WARN_OBJC_IMPLICIT_RETAIN_SELF = YES;
				CLANG_WARN_OBJC_LITERAL_CONVERSION = YES;
				CLANG_WARN_OBJC_ROOT_CLASS = YES_ERROR;
				CLANG_WARN_QUOTED_INCLUDE_IN_FRAMEWORK_HEADER = YES;
				CLANG_WARN_RANGE_LOOP_ANALYSIS = YES;
				CLANG_WARN_STRICT_PROTOTYPES = YES;
				CLANG_WARN_SUSPICIOUS_MOVE = YES;
				CLANG_WARN_UNGUARDED_AVAILABILITY = YES_AGGRESSIVE;
				CLANG_WARN_UNREACHABLE_CODE = YES;
				CLANG_WARN__DUPLICATE_METHOD_MATCH = YES;
				COPY_PHASE_STRIP = NO;
				DEBUG_INFORMATION_FORMAT = "dwarf-with-dsym";
				ENABLE_NS_ASSERTIONS = NO;
				ENABLE_STRICT_OBJC_MSGSEND = YES;
				GCC_C_LANGUAGE_STANDARD = gnu11;
				GCC_NO_COMMON_BLOCKS = YES;
				GCC_WARN_64_TO_32_BIT_CONVERSION = YES;
				GCC_WARN_ABOUT_RETURN_TYPE = YES_ERROR;
				GCC_WARN_UNDECLARED_SELECTOR = YES;
				GCC_WARN_UNINITIALIZED_AUTOS = YES_AGGRESSIVE;
				GCC_WARN_UNUSED_FUNCTION = YES;
				GCC_WARN_UNUSED_VARIABLE = YES;
				IPHONEOS_DEPLOYMENT_TARGET = 13.0;
				MTL_ENABLE_DEBUG_INFO = NO;
				MTL_FAST_MATH = YES;
				SDKROOT = iphoneos;
				SWIFT_COMPILATION_MODE = wholemodule;
				SWIFT_OPTIMIZATION_LEVEL = "-O";
				VALIDATE_PRODUCT = YES;
			};
			name = Release;
		};
		D20D2E7428A027DD0001B2D3 /* Debug */ = {
			isa = XCBuildConfiguration;
			baseConfigurationReference = 90BFA412332FBA27DA240888 /* Pods-iOS-Gaebalzarang.debug.xcconfig */;
			buildSettings = {
				ASSETCATALOG_COMPILER_APPICON_NAME = AppIcon;
				ASSETCATALOG_COMPILER_GLOBAL_ACCENT_COLOR_NAME = AccentColor;
				CODE_SIGN_STYLE = Automatic;
				CURRENT_PROJECT_VERSION = 1;
				DEVELOPMENT_TEAM = 22777777KX;
				GENERATE_INFOPLIST_FILE = YES;
				INFOPLIST_FILE = "iOS-Gaebalzarang/Info.plist";
				INFOPLIST_KEY_UIApplicationSupportsIndirectInputEvents = YES;
				INFOPLIST_KEY_UILaunchStoryboardName = LaunchScreen;
				INFOPLIST_KEY_UISupportedInterfaceOrientations_iPad = "UIInterfaceOrientationPortrait UIInterfaceOrientationPortraitUpsideDown UIInterfaceOrientationLandscapeLeft UIInterfaceOrientationLandscapeRight";
				INFOPLIST_KEY_UISupportedInterfaceOrientations_iPhone = "UIInterfaceOrientationPortrait UIInterfaceOrientationLandscapeLeft UIInterfaceOrientationLandscapeRight";
				IPHONEOS_DEPLOYMENT_TARGET = 13.0;
				LD_RUNPATH_SEARCH_PATHS = (
					"$(inherited)",
					"@executable_path/Frameworks",
				);
				MARKETING_VERSION = 1.0;
				PRODUCT_BUNDLE_IDENTIFIER = "com.iOS-Gaebalzarang";
				PRODUCT_NAME = "$(TARGET_NAME)";
				SWIFT_EMIT_LOC_STRINGS = YES;
				SWIFT_VERSION = 5.0;
				TARGETED_DEVICE_FAMILY = "1,2";
			};
			name = Debug;
		};
		D20D2E7528A027DD0001B2D3 /* Release */ = {
			isa = XCBuildConfiguration;
			baseConfigurationReference = 6D27D27DE034CE84AC5813C1 /* Pods-iOS-Gaebalzarang.release.xcconfig */;
			buildSettings = {
				ASSETCATALOG_COMPILER_APPICON_NAME = AppIcon;
				ASSETCATALOG_COMPILER_GLOBAL_ACCENT_COLOR_NAME = AccentColor;
				CODE_SIGN_STYLE = Automatic;
				CURRENT_PROJECT_VERSION = 1;
				DEVELOPMENT_TEAM = 22777777KX;
				GENERATE_INFOPLIST_FILE = YES;
				INFOPLIST_FILE = "iOS-Gaebalzarang/Info.plist";
				INFOPLIST_KEY_UIApplicationSupportsIndirectInputEvents = YES;
				INFOPLIST_KEY_UILaunchStoryboardName = LaunchScreen;
				INFOPLIST_KEY_UISupportedInterfaceOrientations_iPad = "UIInterfaceOrientationPortrait UIInterfaceOrientationPortraitUpsideDown UIInterfaceOrientationLandscapeLeft UIInterfaceOrientationLandscapeRight";
				INFOPLIST_KEY_UISupportedInterfaceOrientations_iPhone = "UIInterfaceOrientationPortrait UIInterfaceOrientationLandscapeLeft UIInterfaceOrientationLandscapeRight";
				IPHONEOS_DEPLOYMENT_TARGET = 13.0;
				LD_RUNPATH_SEARCH_PATHS = (
					"$(inherited)",
					"@executable_path/Frameworks",
				);
				MARKETING_VERSION = 1.0;
				PRODUCT_BUNDLE_IDENTIFIER = "com.iOS-Gaebalzarang";
				PRODUCT_NAME = "$(TARGET_NAME)";
				SWIFT_EMIT_LOC_STRINGS = YES;
				SWIFT_VERSION = 5.0;
				TARGETED_DEVICE_FAMILY = "1,2";
			};
			name = Release;
		};
/* End XCBuildConfiguration section */

/* Begin XCConfigurationList section */
		D20D2E5A28A027DC0001B2D3 /* Build configuration list for PBXProject "iOS-Gaebalzarang" */ = {
			isa = XCConfigurationList;
			buildConfigurations = (
				D20D2E7128A027DD0001B2D3 /* Debug */,
				D20D2E7228A027DD0001B2D3 /* Release */,
			);
			defaultConfigurationIsVisible = 0;
			defaultConfigurationName = Release;
		};
		D20D2E7328A027DD0001B2D3 /* Build configuration list for PBXNativeTarget "iOS-Gaebalzarang" */ = {
			isa = XCConfigurationList;
			buildConfigurations = (
				D20D2E7428A027DD0001B2D3 /* Debug */,
				D20D2E7528A027DD0001B2D3 /* Release */,
			);
			defaultConfigurationIsVisible = 0;
			defaultConfigurationName = Release;
		};
/* End XCConfigurationList section */
	};
	rootObject = D20D2E5728A027DC0001B2D3 /* Project object */;
}
